{
  "name": "js-ani-lib-study",
  "version": "1.0.0",
  "lockfileVersion": 2,
  "requires": true,
  "packages": {
    "": {
      "name": "js-ani-lib-study",
      "version": "1.0.0",
      "license": "ISC",
      "dependencies": {
        "typeit": "^8.4.0"
      }
    },
    "node_modules/typeit": {
      "version": "8.4.0",
      "resolved": "https://registry.npmjs.org/typeit/-/typeit-8.4.0.tgz",
      "integrity": "sha512-JQgzsGm795710v9PN61GjNSLjJBgiNmUAOnGWklATdfftZtsUJMOcjhal6t6szU8kwcqdcYRG82kRG2WbqYzaw==",
      "hasInstallScript": true
    }
  },
  "dependencies": {
    "typeit": {
      "version": "8.4.0",
      "resolved": "https://registry.npmjs.org/typeit/-/typeit-8.4.0.tgz",
      "integrity": "sha512-JQgzsGm795710v9PN61GjNSLjJBgiNmUAOnGWklATdfftZtsUJMOcjhal6t6szU8kwcqdcYRG82kRG2WbqYzaw=="
    }
  }
}
